
Microsoft Visual Studio Solution File, Format Version 12.00
# Visual Studio Version 17
VisualStudioVersion = 17.0.31903.59
MinimumVisualStudioVersion = 10.0.40219.1
Project("{2150E333-8FDC-42A3-9474-1A3956D46DE8}") = "src", "src", "{827E0CD3-B72D-47B6-A68D-7590B98EB39B}"
EndProject
Project("{FAE04EC0-301F-11D3-BF4B-00C04F79EFBC}") = "Synaptum.Core.Api", "src\Synaptum.Core.Api\Synaptum.Core.Api.csproj", "{AE3970F7-B2AD-4F16-BDAF-FE238503F8D1}"
EndProject
Project("{FAE04EC0-301F-11D3-BF4B-00C04F79EFBC}") = "Synaptum.Core.Application", "src\Synaptum.Core.Application\Synaptum.Core.Application.csproj", "{3E5005A1-1284-4E06-8320-8209FB8B2F2F}"
EndProject
Project("{FAE04EC0-301F-11D3-BF4B-00C04F79EFBC}") = "Synaptum.Core.Domain", "src\Synaptum.Core.Domain\Synaptum.Core.Domain.csproj", "{B8C13174-8E89-4F1F-8ADD-294ADC82FE5F}"
EndProject
Project("{FAE04EC0-301F-11D3-BF4B-00C04F79EFBC}") = "Synaptum.Core.Infrastructure", "src\Synaptum.Core.Infrastructure\Synaptum.Core.Infrastructure.csproj", "{BAF46B9B-6B87-4F4E-8DE7-2A2F7E179708}"
EndProject
Project("{2150E333-8FDC-42A3-9474-1A3956D46DE8}") = "tests", "tests", "{0AB3BF05-4346-4AA6-1389-037BE0695223}"
EndProject
Project("{FAE04EC0-301F-11D3-BF4B-00C04F79EFBC}") = "Synaptum.Core.Tests", "tests\Synaptum.Core.Tests\Synaptum.Core.Tests.csproj", "{29001C8C-23EE-4D9F-95F1-87E404A65FA3}"
EndProject
Global
	GlobalSection(SolutionConfigurationPlatforms) = preSolution
		Debug|Any CPU = Debug|Any CPU
		Debug|x64 = Debug|x64
		Debug|x86 = Debug|x86
		Release|Any CPU = Release|Any CPU
		Release|x64 = Release|x64
		Release|x86 = Release|x86
	EndGlobalSection
	GlobalSection(ProjectConfigurationPlatforms) = postSolution
		{AE3970F7-B2AD-4F16-BDAF-FE238503F8D1}.Debug|Any CPU.ActiveCfg = Debug|Any CPU
		{AE3970F7-B2AD-4F16-BDAF-FE238503F8D1}.Debug|Any CPU.Build.0 = Debug|Any CPU
		{AE3970F7-B2AD-4F16-BDAF-FE238503F8D1}.Debug|x64.ActiveCfg = Debug|Any CPU
		{AE3970F7-B2AD-4F16-BDAF-FE238503F8D1}.Debug|x64.Build.0 = Debug|Any CPU
		{AE3970F7-B2AD-4F16-BDAF-FE238503F8D1}.Debug|x86.ActiveCfg = Debug|Any CPU
		{AE3970F7-B2AD-4F16-BDAF-FE238503F8D1}.Debug|x86.Build.0 = Debug|Any CPU
		{AE3970F7-B2AD-4F16-BDAF-FE238503F8D1}.Release|Any CPU.ActiveCfg = Release|Any CPU
		{AE3970F7-B2AD-4F16-BDAF-FE238503F8D1}.Release|Any CPU.Build.0 = Release|Any CPU
		{AE3970F7-B2AD-4F16-BDAF-FE238503F8D1}.Release|x64.ActiveCfg = Release|Any CPU
		{AE3970F7-B2AD-4F16-BDAF-FE238503F8D1}.Release|x64.Build.0 = Release|Any CPU
		{AE3970F7-B2AD-4F16-BDAF-FE238503F8D1}.Release|x86.ActiveCfg = Release|Any CPU
		{AE3970F7-B2AD-4F16-BDAF-FE238503F8D1}.Release|x86.Build.0 = Release|Any CPU
		{3E5005A1-1284-4E06-8320-8209FB8B2F2F}.Debug|Any CPU.ActiveCfg = Debug|Any CPU
		{3E5005A1-1284-4E06-8320-8209FB8B2F2F}.Debug|Any CPU.Build.0 = Debug|Any CPU
		{3E5005A1-1284-4E06-8320-8209FB8B2F2F}.Debug|x64.ActiveCfg = Debug|Any CPU
		{3E5005A1-1284-4E06-8320-8209FB8B2F2F}.Debug|x64.Build.0 = Debug|Any CPU
		{3E5005A1-1284-4E06-8320-8209FB8B2F2F}.Debug|x86.ActiveCfg = Debug|Any CPU
		{3E5005A1-1284-4E06-8320-8209FB8B2F2F}.Debug|x86.Build.0 = Debug|Any CPU
		{3E5005A1-1284-4E06-8320-8209FB8B2F2F}.Release|Any CPU.ActiveCfg = Release|Any CPU
		{3E5005A1-1284-4E06-8320-8209FB8B2F2F}.Release|Any CPU.Build.0 = Release|Any CPU
		{3E5005A1-1284-4E06-8320-8209FB8B2F2F}.Release|x64.ActiveCfg = Release|Any CPU
		{3E5005A1-1284-4E06-8320-8209FB8B2F2F}.Release|x64.Build.0 = Release|Any CPU
		{3E5005A1-1284-4E06-8320-8209FB8B2F2F}.Release|x86.ActiveCfg = Release|Any CPU
		{3E5005A1-1284-4E06-8320-8209FB8B2F2F}.Release|x86.Build.0 = Release|Any CPU
		{B8C13174-8E89-4F1F-8ADD-294ADC82FE5F}.Debug|Any CPU.ActiveCfg = Debug|Any CPU
		{B8C13174-8E89-4F1F-8ADD-294ADC82FE5F}.Debug|Any CPU.Build.0 = Debug|Any CPU
		{B8C13174-8E89-4F1F-8ADD-294ADC82FE5F}.Debug|x64.ActiveCfg = Debug|Any CPU
		{B8C13174-8E89-4F1F-8ADD-294ADC82FE5F}.Debug|x64.Build.0 = Debug|Any CPU
		{B8C13174-8E89-4F1F-8ADD-294ADC82FE5F}.Debug|x86.ActiveCfg = Debug|Any CPU
		{B8C13174-8E89-4F1F-8ADD-294ADC82FE5F}.Debug|x86.Build.0 = Debug|Any CPU
		{B8C13174-8E89-4F1F-8ADD-294ADC82FE5F}.Release|Any CPU.ActiveCfg = Release|Any CPU
		{B8C13174-8E89-4F1F-8ADD-294ADC82FE5F}.Release|Any CPU.Build.0 = Release|Any CPU
		{B8C13174-8E89-4F1F-8ADD-294ADC82FE5F}.Release|x64.ActiveCfg = Release|Any CPU
		{B8C13174-8E89-4F1F-8ADD-294ADC82FE5F}.Release|x64.Build.0 = Release|Any CPU
		{B8C13174-8E89-4F1F-8ADD-294ADC82FE5F}.Release|x86.ActiveCfg = Release|Any CPU
		{B8C13174-8E89-4F1F-8ADD-294ADC82FE5F}.Release|x86.Build.0 = Release|Any CPU
		{BAF46B9B-6B87-4F4E-8DE7-2A2F7E179708}.Debug|Any CPU.ActiveCfg = Debug|Any CPU
		{BAF46B9B-6B87-4F4E-8DE7-2A2F7E179708}.Debug|Any CPU.Build.0 = Debug|Any CPU
		{BAF46B9B-6B87-4F4E-8DE7-2A2F7E179708}.Debug|x64.ActiveCfg = Debug|Any CPU
		{BAF46B9B-6B87-4F4E-8DE7-2A2F7E179708}.Debug|x64.Build.0 = Debug|Any CPU
		{BAF46B9B-6B87-4F4E-8DE7-2A2F7E179708}.Debug|x86.ActiveCfg = Debug|Any CPU
		{BAF46B9B-6B87-4F4E-8DE7-2A2F7E179708}.Debug|x86.Build.0 = Debug|Any CPU
		{BAF46B9B-6B87-4F4E-8DE7-2A2F7E179708}.Release|Any CPU.ActiveCfg = Release|Any CPU
		{BAF46B9B-6B87-4F4E-8DE7-2A2F7E179708}.Release|Any CPU.Build.0 = Release|Any CPU
		{BAF46B9B-6B87-4F4E-8DE7-2A2F7E179708}.Release|x64.ActiveCfg = Release|Any CPU
		{BAF46B9B-6B87-4F4E-8DE7-2A2F7E179708}.Release|x64.Build.0 = Release|Any CPU
		{BAF46B9B-6B87-4F4E-8DE7-2A2F7E179708}.Release|x86.ActiveCfg = Release|Any CPU
		{BAF46B9B-6B87-4F4E-8DE7-2A2F7E179708}.Release|x86.Build.0 = Release|Any CPU
		{29001C8C-23EE-4D9F-95F1-87E404A65FA3}.Debug|Any CPU.ActiveCfg = Debug|Any CPU
		{29001C8C-23EE-4D9F-95F1-87E404A65FA3}.Debug|Any CPU.Build.0 = Debug|Any CPU
		{29001C8C-23EE-4D9F-95F1-87E404A65FA3}.Debug|x64.ActiveCfg = Debug|Any CPU
		{29001C8C-23EE-4D9F-95F1-87E404A65FA3}.Debug|x64.Build.0 = Debug|Any CPU
		{29001C8C-23EE-4D9F-95F1-87E404A65FA3}.Debug|x86.ActiveCfg = Debug|Any CPU
		{29001C8C-23EE-4D9F-95F1-87E404A65FA3}.Debug|x86.Build.0 = Debug|Any CPU
		{29001C8C-23EE-4D9F-95F1-87E404A65FA3}.Release|Any CPU.ActiveCfg = Release|Any CPU
		{29001C8C-23EE-4D9F-95F1-87E404A65FA3}.Release|Any CPU.Build.0 = Release|Any CPU
		{29001C8C-23EE-4D9F-95F1-87E404A65FA3}.Release|x64.ActiveCfg = Release|Any CPU
		{29001C8C-23EE-4D9F-95F1-87E404A65FA3}.Release|x64.Build.0 = Release|Any CPU
		{29001C8C-23EE-4D9F-95F1-87E404A65FA3}.Release|x86.ActiveCfg = Release|Any CPU
		{29001C8C-23EE-4D9F-95F1-87E404A65FA3}.Release|x86.Build.0 = Release|Any CPU
	EndGlobalSection
	GlobalSection(SolutionProperties) = preSolution
		HideSolutionNode = FALSE
	EndGlobalSection
	GlobalSection(NestedProjects) = preSolution
		{AE3970F7-B2AD-4F16-BDAF-FE238503F8D1} = {827E0CD3-B72D-47B6-A68D-7590B98EB39B}
		{3E5005A1-1284-4E06-8320-8209FB8B2F2F} = {827E0CD3-B72D-47B6-A68D-7590B98EB39B}
		{B8C13174-8E89-4F1F-8ADD-294ADC82FE5F} = {827E0CD3-B72D-47B6-A68D-7590B98EB39B}
		{BAF46B9B-6B87-4F4E-8DE7-2A2F7E179708} = {827E0CD3-B72D-47B6-A68D-7590B98EB39B}
		{29001C8C-23EE-4D9F-95F1-87E404A65FA3} = {0AB3BF05-4346-4AA6-1389-037BE0695223}
	EndGlobalSection
EndGlobal
